// !$*UTF8*$!
{
	archiveVersion = 1;
	classes = {
	};
	objectVersion = 46;
	objects = {

/* Begin PBXBuildFile section */
		0E3DC1761CD99D9100D53F53 /* LoginViewController.m in Sources */ = {isa = PBXBuildFile; fileRef = 0E3DC1751CD99D9100D53F53 /* LoginViewController.m */; };
		0E3DC1791CD99DA400D53F53 /* PlayerViewController.m in Sources */ = {isa = PBXBuildFile; fileRef = 0E3DC1781CD99DA400D53F53 /* PlayerViewController.m */; };
		0E3DC17C1CD99DB900D53F53 /* UserInfoViewController.m in Sources */ = {isa = PBXBuildFile; fileRef = 0E3DC17B1CD99DB900D53F53 /* UserInfoViewController.m */; };
		0E3DC17F1CD99DE900D53F53 /* SidebarController.m in Sources */ = {isa = PBXBuildFile; fileRef = 0E3DC17E1CD99DE900D53F53 /* SidebarController.m */; };
		0E4D83371CD8DCBA0093DFBF /* CDSideBarController.m in Sources */ = {isa = PBXBuildFile; fileRef = 0E4D83361CD8DCBA0093DFBF /* CDSideBarController.m */; };
		0E6434581CDCB7E300D1DCC6 /* UserInfo.m in Sources */ = {isa = PBXBuildFile; fileRef = 0E6434571CDCB7E300D1DCC6 /* UserInfo.m */; };
		0EE4C7CA1CDA072F00396FB5 /* ProtocolClass.m in Sources */ = {isa = PBXBuildFile; fileRef = 0EE4C7C91CDA072F00396FB5 /* ProtocolClass.m */; };
		0EE4C7CC1CDA0BC300396FB5 /* Main.storyboard in Resources */ = {isa = PBXBuildFile; fileRef = 0EE4C7CB1CDA0BC300396FB5 /* Main.storyboard */; };
		5A55D5609E35DD4E80788D5B /* libPods-DoubanFM.a in Frameworks */ = {isa = PBXBuildFile; fileRef = B4D9D41BB1EB2B57695363F0 /* libPods-DoubanFM.a */; };
		623DE8F41CDA18940025302C /* ChannelInfo.m in Sources */ = {isa = PBXBuildFile; fileRef = 623DE8F31CDA18940025302C /* ChannelInfo.m */; };
		623DE8F71CDA18D00025302C /* DFMUpChannelsEntity.m in Sources */ = {isa = PBXBuildFile; fileRef = 623DE8F61CDA18D00025302C /* DFMUpChannelsEntity.m */; };
		623DE8FA1CDA18E30025302C /* DFMHotChannelsEntity.m in Sources */ = {isa = PBXBuildFile; fileRef = 623DE8F91CDA18E30025302C /* DFMHotChannelsEntity.m */; };
		623DE8FD1CDA18F30025302C /* DFMRecChannelsEntity.m in Sources */ = {isa = PBXBuildFile; fileRef = 623DE8FC1CDA18F30025302C /* DFMRecChannelsEntity.m */; };
		623DE9011CDA19680025302C /* ChannelsTableViewCell.m in Sources */ = {isa = PBXBuildFile; fileRef = 623DE8FF1CDA19680025302C /* ChannelsTableViewCell.m */; };
		623DE9021CDA19680025302C /* ChannelsTableViewCell.xib in Resources */ = {isa = PBXBuildFile; fileRef = 623DE9001CDA19680025302C /* ChannelsTableViewCell.xib */; };
		623DE9061CDA1A0F0025302C /* ChannelsTableViewController.m in Sources */ = {isa = PBXBuildFile; fileRef = 623DE9041CDA1A0F0025302C /* ChannelsTableViewController.m */; };
		623DE9071CDA1A0F0025302C /* ChannelsTableViewController.xib in Resources */ = {isa = PBXBuildFile; fileRef = 623DE9051CDA1A0F0025302C /* ChannelsTableViewController.xib */; };
		62911EAA1CD1B8130055542A /* main.m in Sources */ = {isa = PBXBuildFile; fileRef = 62911EA91CD1B8130055542A /* main.m */; };
		62911EAD1CD1B8130055542A /* AppDelegate.m in Sources */ = {isa = PBXBuildFile; fileRef = 62911EAC1CD1B8130055542A /* AppDelegate.m */; };
		62911EB01CD1B8130055542A /* ViewController.m in Sources */ = {isa = PBXBuildFile; fileRef = 62911EAF1CD1B8130055542A /* ViewController.m */; };
		62911EB51CD1B8130055542A /* Assets.xcassets in Resources */ = {isa = PBXBuildFile; fileRef = 62911EB41CD1B8130055542A /* Assets.xcassets */; };
/* End PBXBuildFile section */

/* Begin PBXFileReference section */
		0E3DC1741CD99D9100D53F53 /* LoginViewController.h */ = {isa = PBXFileReference; fileEncoding = 4; lastKnownFileType = sourcecode.c.h; path = LoginViewController.h; sourceTree = "<group>"; };
		0E3DC1751CD99D9100D53F53 /* LoginViewController.m */ = {isa = PBXFileReference; fileEncoding = 4; lastKnownFileType = sourcecode.c.objc; path = LoginViewController.m; sourceTree = "<group>"; };
		0E3DC1771CD99DA400D53F53 /* PlayerViewController.h */ = {isa = PBXFileReference; fileEncoding = 4; lastKnownFileType = sourcecode.c.h; path = PlayerViewController.h; sourceTree = "<group>"; };
		0E3DC1781CD99DA400D53F53 /* PlayerViewController.m */ = {isa = PBXFileReference; fileEncoding = 4; lastKnownFileType = sourcecode.c.objc; path = PlayerViewController.m; sourceTree = "<group>"; };
		0E3DC17A1CD99DB900D53F53 /* UserInfoViewController.h */ = {isa = PBXFileReference; fileEncoding = 4; lastKnownFileType = sourcecode.c.h; path = UserInfoViewController.h; sourceTree = "<group>"; };
		0E3DC17B1CD99DB900D53F53 /* UserInfoViewController.m */ = {isa = PBXFileReference; fileEncoding = 4; lastKnownFileType = sourcecode.c.objc; path = UserInfoViewController.m; sourceTree = "<group>"; };
		0E3DC17D1CD99DE900D53F53 /* SidebarController.h */ = {isa = PBXFileReference; fileEncoding = 4; lastKnownFileType = sourcecode.c.h; path = SidebarController.h; sourceTree = "<group>"; };
		0E3DC17E1CD99DE900D53F53 /* SidebarController.m */ = {isa = PBXFileReference; fileEncoding = 4; lastKnownFileType = sourcecode.c.objc; path = SidebarController.m; sourceTree = "<group>"; };
		0E4D83351CD8DCBA0093DFBF /* CDSideBarController.h */ = {isa = PBXFileReference; fileEncoding = 4; lastKnownFileType = sourcecode.c.h; path = CDSideBarController.h; sourceTree = "<group>"; };
		0E4D83361CD8DCBA0093DFBF /* CDSideBarController.m */ = {isa = PBXFileReference; fileEncoding = 4; lastKnownFileType = sourcecode.c.objc; path = CDSideBarController.m; sourceTree = "<group>"; };
		0E6434561CDCB7E300D1DCC6 /* UserInfo.h */ = {isa = PBXFileReference; fileEncoding = 4; lastKnownFileType = sourcecode.c.h; path = UserInfo.h; sourceTree = "<group>"; };
		0E6434571CDCB7E300D1DCC6 /* UserInfo.m */ = {isa = PBXFileReference; fileEncoding = 4; lastKnownFileType = sourcecode.c.objc; path = UserInfo.m; sourceTree = "<group>"; };
		0EE4C7C81CDA072F00396FB5 /* ProtocolClass.h */ = {isa = PBXFileReference; fileEncoding = 4; lastKnownFileType = sourcecode.c.h; path = ProtocolClass.h; sourceTree = "<group>"; };
		0EE4C7C91CDA072F00396FB5 /* ProtocolClass.m */ = {isa = PBXFileReference; fileEncoding = 4; lastKnownFileType = sourcecode.c.objc; path = ProtocolClass.m; sourceTree = "<group>"; };
		0EE4C7CB1CDA0BC300396FB5 /* Main.storyboard */ = {isa = PBXFileReference; fileEncoding = 4; lastKnownFileType = file.storyboard; path = Main.storyboard; sourceTree = "<group>"; };
		4E530D9F9B61A31E1120935D /* Pods-DoubanFM.debug.xcconfig */ = {isa = PBXFileReference; includeInIndex = 1; lastKnownFileType = text.xcconfig; name = "Pods-DoubanFM.debug.xcconfig"; path = "Pods/Target Support Files/Pods-DoubanFM/Pods-DoubanFM.debug.xcconfig"; sourceTree = "<group>"; };
		623DE8F21CDA18940025302C /* ChannelInfo.h */ = {isa = PBXFileReference; fileEncoding = 4; lastKnownFileType = sourcecode.c.h; path = ChannelInfo.h; sourceTree = "<group>"; };
		623DE8F31CDA18940025302C /* ChannelInfo.m */ = {isa = PBXFileReference; fileEncoding = 4; lastKnownFileType = sourcecode.c.objc; path = ChannelInfo.m; sourceTree = "<group>"; };
		623DE8F51CDA18D00025302C /* DFMUpChannelsEntity.h */ = {isa = PBXFileReference; fileEncoding = 4; lastKnownFileType = sourcecode.c.h; path = DFMUpChannelsEntity.h; sourceTree = "<group>"; };
		623DE8F61CDA18D00025302C /* DFMUpChannelsEntity.m */ = {isa = PBXFileReference; fileEncoding = 4; lastKnownFileType = sourcecode.c.objc; path = DFMUpChannelsEntity.m; sourceTree = "<group>"; };
		623DE8F81CDA18E30025302C /* DFMHotChannelsEntity.h */ = {isa = PBXFileReference; fileEncoding = 4; lastKnownFileType = sourcecode.c.h; path = DFMHotChannelsEntity.h; sourceTree = "<group>"; };
		623DE8F91CDA18E30025302C /* DFMHotChannelsEntity.m */ = {isa = PBXFileReference; fileEncoding = 4; lastKnownFileType = sourcecode.c.objc; path = DFMHotChannelsEntity.m; sourceTree = "<group>"; };
		623DE8FB1CDA18F30025302C /* DFMRecChannelsEntity.h */ = {isa = PBXFileReference; fileEncoding = 4; lastKnownFileType = sourcecode.c.h; path = DFMRecChannelsEntity.h; sourceTree = "<group>"; };
		623DE8FC1CDA18F30025302C /* DFMRecChannelsEntity.m */ = {isa = PBXFileReference; fileEncoding = 4; lastKnownFileType = sourcecode.c.objc; path = DFMRecChannelsEntity.m; sourceTree = "<group>"; };
		623DE8FE1CDA19680025302C /* ChannelsTableViewCell.h */ = {isa = PBXFileReference; fileEncoding = 4; lastKnownFileType = sourcecode.c.h; path = ChannelsTableViewCell.h; sourceTree = "<group>"; };
		623DE8FF1CDA19680025302C /* ChannelsTableViewCell.m */ = {isa = PBXFileReference; fileEncoding = 4; lastKnownFileType = sourcecode.c.objc; path = ChannelsTableViewCell.m; sourceTree = "<group>"; };
		623DE9001CDA19680025302C /* ChannelsTableViewCell.xib */ = {isa = PBXFileReference; fileEncoding = 4; lastKnownFileType = file.xib; path = ChannelsTableViewCell.xib; sourceTree = "<group>"; };
		623DE9031CDA1A0F0025302C /* ChannelsTableViewController.h */ = {isa = PBXFileReference; fileEncoding = 4; lastKnownFileType = sourcecode.c.h; path = ChannelsTableViewController.h; sourceTree = "<group>"; };
		623DE9041CDA1A0F0025302C /* ChannelsTableViewController.m */ = {isa = PBXFileReference; fileEncoding = 4; lastKnownFileType = sourcecode.c.objc; path = ChannelsTableViewController.m; sourceTree = "<group>"; };
		623DE9051CDA1A0F0025302C /* ChannelsTableViewController.xib */ = {isa = PBXFileReference; fileEncoding = 4; lastKnownFileType = file.xib; path = ChannelsTableViewController.xib; sourceTree = "<group>"; };
		62911EA51CD1B8130055542A /* DoubanFM.app */ = {isa = PBXFileReference; explicitFileType = wrapper.application; includeInIndex = 0; path = DoubanFM.app; sourceTree = BUILT_PRODUCTS_DIR; };
		62911EA91CD1B8130055542A /* main.m */ = {isa = PBXFileReference; lastKnownFileType = sourcecode.c.objc; path = main.m; sourceTree = "<group>"; };
		62911EAB1CD1B8130055542A /* AppDelegate.h */ = {isa = PBXFileReference; lastKnownFileType = sourcecode.c.h; path = AppDelegate.h; sourceTree = "<group>"; };
		62911EAC1CD1B8130055542A /* AppDelegate.m */ = {isa = PBXFileReference; lastKnownFileType = sourcecode.c.objc; path = AppDelegate.m; sourceTree = "<group>"; };
		62911EAE1CD1B8130055542A /* ViewController.h */ = {isa = PBXFileReference; lastKnownFileType = sourcecode.c.h; path = ViewController.h; sourceTree = "<group>"; };
		62911EAF1CD1B8130055542A /* ViewController.m */ = {isa = PBXFileReference; lastKnownFileType = sourcecode.c.objc; path = ViewController.m; sourceTree = "<group>"; };
		62911EB41CD1B8130055542A /* Assets.xcassets */ = {isa = PBXFileReference; lastKnownFileType = folder.assetcatalog; path = Assets.xcassets; sourceTree = "<group>"; };
		62911EB91CD1B8130055542A /* Info.plist */ = {isa = PBXFileReference; lastKnownFileType = text.plist.xml; path = Info.plist; sourceTree = "<group>"; };
		629585E44B6BADBEA0618B3E /* Pods-DoubanFM.release.xcconfig */ = {isa = PBXFileReference; includeInIndex = 1; lastKnownFileType = text.xcconfig; name = "Pods-DoubanFM.release.xcconfig"; path = "Pods/Target Support Files/Pods-DoubanFM/Pods-DoubanFM.release.xcconfig"; sourceTree = "<group>"; };
		B4D9D41BB1EB2B57695363F0 /* libPods-DoubanFM.a */ = {isa = PBXFileReference; explicitFileType = archive.ar; includeInIndex = 0; path = "libPods-DoubanFM.a"; sourceTree = BUILT_PRODUCTS_DIR; };
/* End PBXFileReference section */

/* Begin PBXFrameworksBuildPhase section */
		62911EA21CD1B8130055542A /* Frameworks */ = {
			isa = PBXFrameworksBuildPhase;
			buildActionMask = 2147483647;
			files = (
				5A55D5609E35DD4E80788D5B /* libPods-DoubanFM.a in Frameworks */,
			);
			runOnlyForDeploymentPostprocessing = 0;
		};
/* End PBXFrameworksBuildPhase section */

/* Begin PBXGroup section */
		0E3DC1701CD99AB400D53F53 /* Controller */ = {
			isa = PBXGroup;
			children = (
				0E3DC1741CD99D9100D53F53 /* LoginViewController.h */,
				0E3DC1751CD99D9100D53F53 /* LoginViewController.m */,
				0E3DC1771CD99DA400D53F53 /* PlayerViewController.h */,
				0E3DC1781CD99DA400D53F53 /* PlayerViewController.m */,
				0E3DC17A1CD99DB900D53F53 /* UserInfoViewController.h */,
				0E3DC17B1CD99DB900D53F53 /* UserInfoViewController.m */,
				0E3DC17D1CD99DE900D53F53 /* SidebarController.h */,
				0E3DC17E1CD99DE900D53F53 /* SidebarController.m */,
			);
			name = Controller;
			sourceTree = "<group>";
		};
		0E3DC1801CD99F3E00D53F53 /* view */ = {
			isa = PBXGroup;
			children = (
				623DE9031CDA1A0F0025302C /* ChannelsTableViewController.h */,
				623DE9041CDA1A0F0025302C /* ChannelsTableViewController.m */,
				623DE9051CDA1A0F0025302C /* ChannelsTableViewController.xib */,
			);
			name = view;
			sourceTree = "<group>";
		};
		0E4D830D1CD8C5270093DFBF /* CDSideBarController */ = {
			isa = PBXGroup;
			children = (
				0E4D83351CD8DCBA0093DFBF /* CDSideBarController.h */,
				0E4D83361CD8DCBA0093DFBF /* CDSideBarController.m */,
			);
			name = CDSideBarController;
			path = DoubanFM;
			sourceTree = "<group>";
		};
		0ED23FE4435B6F40C141C381 /* Pods */ = {
			isa = PBXGroup;
			children = (
				4E530D9F9B61A31E1120935D /* Pods-DoubanFM.debug.xcconfig */,
				629585E44B6BADBEA0618B3E /* Pods-DoubanFM.release.xcconfig */,
			);
			name = Pods;
			sourceTree = "<group>";
		};
		0EE4C7C71CDA06EC00396FB5 /* Model */ = {
			isa = PBXGroup;
			children = (
				0EE4C7C81CDA072F00396FB5 /* ProtocolClass.h */,
				0EE4C7C91CDA072F00396FB5 /* ProtocolClass.m */,
				623DE8F21CDA18940025302C /* ChannelInfo.h */,
				623DE8F31CDA18940025302C /* ChannelInfo.m */,
				623DE8F51CDA18D00025302C /* DFMUpChannelsEntity.h */,
				623DE8F61CDA18D00025302C /* DFMUpChannelsEntity.m */,
				623DE8F81CDA18E30025302C /* DFMHotChannelsEntity.h */,
				623DE8F91CDA18E30025302C /* DFMHotChannelsEntity.m */,
				623DE8FB1CDA18F30025302C /* DFMRecChannelsEntity.h */,
				623DE8FC1CDA18F30025302C /* DFMRecChannelsEntity.m */,
				623DE8FE1CDA19680025302C /* ChannelsTableViewCell.h */,
				623DE8FF1CDA19680025302C /* ChannelsTableViewCell.m */,
				0E6434561CDCB7E300D1DCC6 /* UserInfo.h */,
				0E6434571CDCB7E300D1DCC6 /* UserInfo.m */,
				623DE9001CDA19680025302C /* ChannelsTableViewCell.xib */,
			);
			name = Model;
			sourceTree = "<group>";
		};
		613BDA56F5063F6B1BADB068 /* Frameworks */ = {
			isa = PBXGroup;
			children = (
				B4D9D41BB1EB2B57695363F0 /* libPods-DoubanFM.a */,
			);
			name = Frameworks;
			sourceTree = "<group>";
		};
		62911E9C1CD1B8130055542A = {
			isa = PBXGroup;
			children = (
				0E4D830D1CD8C5270093DFBF /* CDSideBarController */,
				62911EA71CD1B8130055542A /* DoubanFM */,
				62911EA61CD1B8130055542A /* Products */,
				0ED23FE4435B6F40C141C381 /* Pods */,
				613BDA56F5063F6B1BADB068 /* Frameworks */,
			);
			sourceTree = "<group>";
		};
		62911EA61CD1B8130055542A /* Products */ = {
			isa = PBXGroup;
			children = (
				62911EA51CD1B8130055542A /* DoubanFM.app */,
			);
			name = Products;
			sourceTree = "<group>";
		};
		62911EA71CD1B8130055542A /* DoubanFM */ = {
			isa = PBXGroup;
			children = (
				0EE4C7C71CDA06EC00396FB5 /* Model */,
				0E3DC1701CD99AB400D53F53 /* Controller */,
				0E3DC1801CD99F3E00D53F53 /* view */,
				62911EAB1CD1B8130055542A /* AppDelegate.h */,
				62911EAC1CD1B8130055542A /* AppDelegate.m */,
				62911EAE1CD1B8130055542A /* ViewController.h */,
				62911EAF1CD1B8130055542A /* ViewController.m */,
				62911EB41CD1B8130055542A /* Assets.xcassets */,
				0EE4C7CB1CDA0BC300396FB5 /* Main.storyboard */,
				62911EB91CD1B8130055542A /* Info.plist */,
				62911EA81CD1B8130055542A /* Supporting Files */,
			);
			path = DoubanFM;
			sourceTree = "<group>";
		};
		62911EA81CD1B8130055542A /* Supporting Files */ = {
			isa = PBXGroup;
			children = (
				62911EA91CD1B8130055542A /* main.m */,
			);
			name = "Supporting Files";
			sourceTree = "<group>";
		};
/* End PBXGroup section */

/* Begin PBXNativeTarget section */
		62911EA41CD1B8130055542A /* DoubanFM */ = {
			isa = PBXNativeTarget;
			buildConfigurationList = 62911EBC1CD1B8130055542A /* Build configuration list for PBXNativeTarget "DoubanFM" */;
			buildPhases = (
				FDF3D3185AFCD7FF77B6F99E /* Check Pods Manifest.lock */,
				0ACBC148A2C6630CDD164132 /* 📦 Check Pods Manifest.lock */,
				62911EA11CD1B8130055542A /* Sources */,
				62911EA21CD1B8130055542A /* Frameworks */,
				62911EA31CD1B8130055542A /* Resources */,
				4E3E79FAA4D20EBC096888EE /* 📦 Embed Pods Frameworks */,
				8852C20632AF1555BDF50924 /* 📦 Copy Pods Resources */,
				F6965C30D06A5C0FBE71FC9F /* Embed Pods Frameworks */,
				A6664FFB048730026D1331DD /* Copy Pods Resources */,
			);
			buildRules = (
			);
			dependencies = (
			);
			name = DoubanFM;
			productName = DoubanFM;
			productReference = 62911EA51CD1B8130055542A /* DoubanFM.app */;
			productType = "com.apple.product-type.application";
		};
/* End PBXNativeTarget section */

/* Begin PBXProject section */
		62911E9D1CD1B8130055542A /* Project object */ = {
			isa = PBXProject;
			attributes = {
				LastUpgradeCheck = 0720;
				ORGANIZATIONNAME = "何健";
				TargetAttributes = {
					62911EA41CD1B8130055542A = {
						CreatedOnToolsVersion = 7.2.1;
					};
				};
			};
			buildConfigurationList = 62911EA01CD1B8130055542A /* Build configuration list for PBXProject "DoubanFM" */;
			compatibilityVersion = "Xcode 3.2";
			developmentRegion = English;
			hasScannedForEncodings = 0;
			knownRegions = (
				en,
				Base,
			);
			mainGroup = 62911E9C1CD1B8130055542A;
			productRefGroup = 62911EA61CD1B8130055542A /* Products */;
			projectDirPath = "";
			projectRoot = "";
			targets = (
				62911EA41CD1B8130055542A /* DoubanFM */,
			);
		};
/* End PBXProject section */

/* Begin PBXResourcesBuildPhase section */
		62911EA31CD1B8130055542A /* Resources */ = {
			isa = PBXResourcesBuildPhase;
			buildActionMask = 2147483647;
			files = (
				62911EB51CD1B8130055542A /* Assets.xcassets in Resources */,
				0EE4C7CC1CDA0BC300396FB5 /* Main.storyboard in Resources */,
				623DE9021CDA19680025302C /* ChannelsTableViewCell.xib in Resources */,
				623DE9071CDA1A0F0025302C /* ChannelsTableViewController.xib in Resources */,
			);
			runOnlyForDeploymentPostprocessing = 0;
		};
/* End PBXResourcesBuildPhase section */

/* Begin PBXShellScriptBuildPhase section */
		0ACBC148A2C6630CDD164132 /* 📦 Check Pods Manifest.lock */ = {
			isa = PBXShellScriptBuildPhase;
			buildActionMask = 2147483647;
			files = (
			);
			inputPaths = (
			);
			name = "📦 Check Pods Manifest.lock";
			outputPaths = (
			);
			runOnlyForDeploymentPostprocessing = 0;
			shellPath = /bin/sh;
			shellScript = "diff \"${PODS_ROOT}/../Podfile.lock\" \"${PODS_ROOT}/Manifest.lock\" > /dev/null\nif [[ $? != 0 ]] ; then\n    cat << EOM\nerror: The sandbox is not in sync with the Podfile.lock. Run 'pod install' or update your CocoaPods installation.\nEOM\n    exit 1\nfi\n";
			showEnvVarsInLog = 0;
		};
		4E3E79FAA4D20EBC096888EE /* 📦 Embed Pods Frameworks */ = {
			isa = PBXShellScriptBuildPhase;
			buildActionMask = 2147483647;
			files = (
			);
			inputPaths = (
			);
			name = "📦 Embed Pods Frameworks";
			outputPaths = (
			);
			runOnlyForDeploymentPostprocessing = 0;
			shellPath = /bin/sh;
			shellScript = "\"${SRCROOT}/Pods/Target Support Files/Pods-DoubanFM/Pods-DoubanFM-frameworks.sh\"\n";
			showEnvVarsInLog = 0;
		};
		8852C20632AF1555BDF50924 /* 📦 Copy Pods Resources */ = {
			isa = PBXShellScriptBuildPhase;
			buildActionMask = 2147483647;
			files = (
			);
			inputPaths = (
			);
			name = "📦 Copy Pods Resources";
			outputPaths = (
			);
			runOnlyForDeploymentPostprocessing = 0;
			shellPath = /bin/sh;
			shellScript = "\"${SRCROOT}/Pods/Target Support Files/Pods-DoubanFM/Pods-DoubanFM-resources.sh\"\n";
			showEnvVarsInLog = 0;
		};
		A6664FFB048730026D1331DD /* Copy Pods Resources */ = {
			isa = PBXShellScriptBuildPhase;
			buildActionMask = 2147483647;
			files = (
			);
			inputPaths = (
			);
			name = "Copy Pods Resources";
			outputPaths = (
			);
			runOnlyForDeploymentPostprocessing = 0;
			shellPath = /bin/sh;
			shellScript = "\"${SRCROOT}/Pods/Target Support Files/Pods-DoubanFM/Pods-DoubanFM-resources.sh\"\n";
			showEnvVarsInLog = 0;
		};
		F6965C30D06A5C0FBE71FC9F /* Embed Pods Frameworks */ = {
			isa = PBXShellScriptBuildPhase;
			buildActionMask = 2147483647;
			files = (
			);
			inputPaths = (
			);
			name = "Embed Pods Frameworks";
			outputPaths = (
			);
			runOnlyForDeploymentPostprocessing = 0;
			shellPath = /bin/sh;
			shellScript = "\"${SRCROOT}/Pods/Target Support Files/Pods-DoubanFM/Pods-DoubanFM-frameworks.sh\"\n";
			showEnvVarsInLog = 0;
		};
		FDF3D3185AFCD7FF77B6F99E /* Check Pods Manifest.lock */ = {
			isa = PBXShellScriptBuildPhase;
			buildActionMask = 2147483647;
			files = (
			);
			inputPaths = (
			);
			name = "Check Pods Manifest.lock";
			outputPaths = (
			);
			runOnlyForDeploymentPostprocessing = 0;
			shellPath = /bin/sh;
			shellScript = "diff \"${PODS_ROOT}/../Podfile.lock\" \"${PODS_ROOT}/Manifest.lock\" > /dev/null\nif [[ $? != 0 ]] ; then\n    cat << EOM\nerror: The sandbox is not in sync with the Podfile.lock. Run 'pod install' or update your CocoaPods installation.\nEOM\n    exit 1\nfi\n";
			showEnvVarsInLog = 0;
		};
/* End PBXShellScriptBuildPhase section */

/* Begin PBXSourcesBuildPhase section */
		62911EA11CD1B8130055542A /* Sources */ = {
			isa = PBXSourcesBuildPhase;
			buildActionMask = 2147483647;
			files = (
				0E6434581CDCB7E300D1DCC6 /* UserInfo.m in Sources */,
				0E3DC1791CD99DA400D53F53 /* PlayerViewController.m in Sources */,
				0EE4C7CA1CDA072F00396FB5 /* ProtocolClass.m in Sources */,
				62911EB01CD1B8130055542A /* ViewController.m in Sources */,
				0E4D83371CD8DCBA0093DFBF /* CDSideBarController.m in Sources */,
				0E3DC1761CD99D9100D53F53 /* LoginViewController.m in Sources */,
				623DE8FA1CDA18E30025302C /* DFMHotChannelsEntity.m in Sources */,
				623DE9011CDA19680025302C /* ChannelsTableViewCell.m in Sources */,
				623DE9061CDA1A0F0025302C /* ChannelsTableViewController.m in Sources */,
				0E3DC17C1CD99DB900D53F53 /* UserInfoViewController.m in Sources */,
				62911EAD1CD1B8130055542A /* AppDelegate.m in Sources */,
				0E3DC17F1CD99DE900D53F53 /* SidebarController.m in Sources */,
				623DE8F71CDA18D00025302C /* DFMUpChannelsEntity.m in Sources */,
				62911EAA1CD1B8130055542A /* main.m in Sources */,
				623DE8F41CDA18940025302C /* ChannelInfo.m in Sources */,
				623DE8FD1CDA18F30025302C /* DFMRecChannelsEntity.m in Sources */,
			);
			runOnlyForDeploymentPostprocessing = 0;
		};
/* End PBXSourcesBuildPhase section */

/* Begin XCBuildConfiguration section */
		62911EBA1CD1B8130055542A /* Debug */ = {
			isa = XCBuildConfiguration;
			buildSettings = {
				ALWAYS_SEARCH_USER_PATHS = NO;
				CLANG_CXX_LANGUAGE_STANDARD = "gnu++0x";
				CLANG_CXX_LIBRARY = "libc++";
				CLANG_ENABLE_MODULES = YES;
				CLANG_ENABLE_OBJC_ARC = YES;
				CLANG_WARN_BOOL_CONVERSION = YES;
				CLANG_WARN_CONSTANT_CONVERSION = YES;
				CLANG_WARN_DIRECT_OBJC_ISA_USAGE = YES_ERROR;
				CLANG_WARN_EMPTY_BODY = YES;
				CLANG_WARN_ENUM_CONVERSION = YES;
				CLANG_WARN_INT_CONVERSION = YES;
				CLANG_WARN_OBJC_ROOT_CLASS = YES_ERROR;
				CLANG_WARN_UNREACHABLE_CODE = YES;
				CLANG_WARN__DUPLICATE_METHOD_MATCH = YES;
				"CODE_SIGN_IDENTITY[sdk=iphoneos*]" = "iPhone Developer";
				COPY_PHASE_STRIP = NO;
				DEBUG_INFORMATION_FORMAT = dwarf;
				ENABLE_STRICT_OBJC_MSGSEND = YES;
				ENABLE_TESTABILITY = YES;
				GCC_C_LANGUAGE_STANDARD = gnu99;
				GCC_DYNAMIC_NO_PIC = NO;
				GCC_NO_COMMON_BLOCKS = YES;
				GCC_OPTIMIZATION_LEVEL = 0;
				GCC_PREPROCESSOR_DEFINITIONS = (
					"DEBUG=1",
					"$(inherited)",
				);
				GCC_WARN_64_TO_32_BIT_CONVERSION = YES;
				GCC_WARN_ABOUT_RETURN_TYPE = YES_ERROR;
				GCC_WARN_UNDECLARED_SELECTOR = YES;
				GCC_WARN_UNINITIALIZED_AUTOS = YES_AGGRESSIVE;
				GCC_WARN_UNUSED_FUNCTION = YES;
				GCC_WARN_UNUSED_VARIABLE = YES;
				IPHONEOS_DEPLOYMENT_TARGET = 9.0;
				MTL_ENABLE_DEBUG_INFO = YES;
				ONLY_ACTIVE_ARCH = YES;
				SDKROOT = iphoneos;
				TARGETED_DEVICE_FAMILY = "1,2";
			};
			name = Debug;
		};
		62911EBB1CD1B8130055542A /* Release */ = {
			isa = XCBuildConfiguration;
			buildSettings = {
				ALWAYS_SEARCH_USER_PATHS = NO;
				CLANG_CXX_LANGUAGE_STANDARD = "gnu++0x";
				CLANG_CXX_LIBRARY = "libc++";
				CLANG_ENABLE_MODULES = YES;
				CLANG_ENABLE_OBJC_ARC = YES;
				CLANG_WARN_BOOL_CONVERSION = YES;
				CLANG_WARN_CONSTANT_CONVERSION = YES;
				CLANG_WARN_DIRECT_OBJC_ISA_USAGE = YES_ERROR;
				CLANG_WARN_EMPTY_BODY = YES;
				CLANG_WARN_ENUM_CONVERSION = YES;
				CLANG_WARN_INT_CONVERSION = YES;
				CLANG_WARN_OBJC_ROOT_CLASS = YES_ERROR;
				CLANG_WARN_UNREACHABLE_CODE = YES;
				CLANG_WARN__DUPLICATE_METHOD_MATCH = YES;
				"CODE_SIGN_IDENTITY[sdk=iphoneos*]" = "iPhone Developer";
				COPY_PHASE_STRIP = NO;
				DEBUG_INFORMATION_FORMAT = "dwarf-with-dsym";
				ENABLE_NS_ASSERTIONS = NO;
				ENABLE_STRICT_OBJC_MSGSEND = YES;
				GCC_C_LANGUAGE_STANDARD = gnu99;
				GCC_NO_COMMON_BLOCKS = YES;
				GCC_WARN_64_TO_32_BIT_CONVERSION = YES;
				GCC_WARN_ABOUT_RETURN_TYPE = YES_ERROR;
				GCC_WARN_UNDECLARED_SELECTOR = YES;
				GCC_WARN_UNINITIALIZED_AUTOS = YES_AGGRESSIVE;
				GCC_WARN_UNUSED_FUNCTION = YES;
				GCC_WARN_UNUSED_VARIABLE = YES;
				IPHONEOS_DEPLOYMENT_TARGET = 9.0;
				MTL_ENABLE_DEBUG_INFO = NO;
				SDKROOT = iphoneos;
				TARGETED_DEVICE_FAMILY = "1,2";
				VALIDATE_PRODUCT = YES;
			};
			name = Release;
		};
		62911EBD1CD1B8130055542A /* Debug */ = {
			isa = XCBuildConfiguration;
			baseConfigurationReference = 4E530D9F9B61A31E1120935D /* Pods-DoubanFM.debug.xcconfig */;
			buildSettings = {
				ASSETCATALOG_COMPILER_APPICON_NAME = AppIcon;
				INFOPLIST_FILE = DoubanFM/Info.plist;
				LD_RUNPATH_SEARCH_PATHS = "$(inherited) @executable_path/Frameworks";
				PRODUCT_BUNDLE_IDENTIFIER = zhz.DoubanFM;
				PRODUCT_NAME = "$(TARGET_NAME)";
			};
			name = Debug;
		};
		62911EBE1CD1B8130055542A /* Release */ = {
			isa = XCBuildConfiguration;
			baseConfigurationReference = 629585E44B6BADBEA0618B3E /* Pods-DoubanFM.release.xcconfig */;
			buildSettings = {
				ASSETCATALOG_COMPILER_APPICON_NAME = AppIcon;
				INFOPLIST_FILE = DoubanFM/Info.plist;
				LD_RUNPATH_SEARCH_PATHS = "$(inherited) @executable_path/Frameworks";
				PRODUCT_BUNDLE_IDENTIFIER = zhz.DoubanFM;
				PRODUCT_NAME = "$(TARGET_NAME)";
			};
			name = Release;
		};
/* End XCBuildConfiguration section */

/* Begin XCConfigurationList section */
		62911EA01CD1B8130055542A /* Build configuration list for PBXProject "DoubanFM" */ = {
			isa = XCConfigurationList;
			buildConfigurations = (
				62911EBA1CD1B8130055542A /* Debug */,
				62911EBB1CD1B8130055542A /* Release */,
			);
			defaultConfigurationIsVisible = 0;
			defaultConfigurationName = Release;
		};
		62911EBC1CD1B8130055542A /* Build configuration list for PBXNativeTarget "DoubanFM" */ = {
			isa = XCConfigurationList;
			buildConfigurations = (
				62911EBD1CD1B8130055542A /* Debug */,
				62911EBE1CD1B8130055542A /* Release */,
			);
			defaultConfigurationIsVisible = 0;
			defaultConfigurationName = Release;
		};
/* End XCConfigurationList section */
	};
	rootObject = 62911E9D1CD1B8130055542A /* Project object */;
}
